
Microsoft Visual Studio Solution File, Format Version 12.00
# Visual Studio Version 16
VisualStudioVersion = 16.0.30204.135
MinimumVisualStudioVersion = 10.0.40219.1
Project("{FAE04EC0-301F-11D3-BF4B-00C04F79EFBC}") = "ProyectoPurasol", "ProyectoPurasol\ProyectoPurasol.csproj", "{C3EA6C17-3A29-40EF-9205-46A99D8EC6D2}"
EndProject
Project("{FAE04EC0-301F-11D3-BF4B-00C04F79EFBC}") = "DAL", "DAL\DAL.csproj", "{E91A340C-22F2-40B1-BE73-576FA37D6E82}"
EndProject
Project("{FAE04EC0-301F-11D3-BF4B-00C04F79EFBC}") = "BLL", "BLL\BLL.csproj", "{F7156271-7109-4B5C-AB8D-519E1EABF4CC}"
EndProject
Project("{FAE04EC0-301F-11D3-BF4B-00C04F79EFBC}") = "ProyectoPurasolTests", "ProyectoPurasolTests\ProyectoPurasolTests.csproj", "{72CE0BB8-A58C-462C-8692-CC0ECA50F43E}"
EndProject
Global
	GlobalSection(SolutionConfigurationPlatforms) = preSolution
		Debug|Any CPU = Debug|Any CPU
		Release|Any CPU = Release|Any CPU
	EndGlobalSection
	GlobalSection(ProjectConfigurationPlatforms) = postSolution
		{C3EA6C17-3A29-40EF-9205-46A99D8EC6D2}.Debug|Any CPU.ActiveCfg = Debug|Any CPU
		{C3EA6C17-3A29-40EF-9205-46A99D8EC6D2}.Debug|Any CPU.Build.0 = Debug|Any CPU
		{C3EA6C17-3A29-40EF-9205-46A99D8EC6D2}.Release|Any CPU.ActiveCfg = Release|Any CPU
		{C3EA6C17-3A29-40EF-9205-46A99D8EC6D2}.Release|Any CPU.Build.0 = Release|Any CPU
		{E91A340C-22F2-40B1-BE73-576FA37D6E82}.Debug|Any CPU.ActiveCfg = Debug|Any CPU
		{E91A340C-22F2-40B1-BE73-576FA37D6E82}.Debug|Any CPU.Build.0 = Debug|Any CPU
		{E91A340C-22F2-40B1-BE73-576FA37D6E82}.Release|Any CPU.ActiveCfg = Release|Any CPU
		{E91A340C-22F2-40B1-BE73-576FA37D6E82}.Release|Any CPU.Build.0 = Release|Any CPU
		{F7156271-7109-4B5C-AB8D-519E1EABF4CC}.Debug|Any CPU.ActiveCfg = Debug|Any CPU
		{F7156271-7109-4B5C-AB8D-519E1EABF4CC}.Debug|Any CPU.Build.0 = Debug|Any CPU
		{F7156271-7109-4B5C-AB8D-519E1EABF4CC}.Release|Any CPU.ActiveCfg = Release|Any CPU
		{F7156271-7109-4B5C-AB8D-519E1EABF4CC}.Release|Any CPU.Build.0 = Release|Any CPU
		{72CE0BB8-A58C-462C-8692-CC0ECA50F43E}.Debug|Any CPU.ActiveCfg = Debug|Any CPU
		{72CE0BB8-A58C-462C-8692-CC0ECA50F43E}.Debug|Any CPU.Build.0 = Debug|Any CPU
		{72CE0BB8-A58C-462C-8692-CC0ECA50F43E}.Release|Any CPU.ActiveCfg = Release|Any CPU
		{72CE0BB8-A58C-462C-8692-CC0ECA50F43E}.Release|Any CPU.Build.0 = Release|Any CPU
	EndGlobalSection
	GlobalSection(SolutionProperties) = preSolution
		HideSolutionNode = FALSE
	EndGlobalSection
	GlobalSection(ExtensibilityGlobals) = postSolution
		SolutionGuid = {4E438020-7F21-4DA3-929F-B24B0F0BAE3A}
	EndGlobalSection
EndGlobal
